
Microsoft Visual Studio Solution File, Format Version 12.00
# Visual Studio Version 17
VisualStudioVersion = 17.7.34031.279
MinimumVisualStudioVersion = 10.0.40219.1
Project("{FAE04EC0-301F-11D3-BF4B-00C04F79EFBC}") = "test5", "test5.csproj", "{62282B0A-22BC-41D4-9B3C-E99CE2D99CF0}"
EndProject
Project("{FAE04EC0-301F-11D3-BF4B-00C04F79EFBC}") = "TestProg", "..\TestProg\TestProg.csproj", "{26663AA0-2CDC-481A-B457-D79B6651EE0C}"
EndProject
Global
	GlobalSection(SolutionConfigurationPlatforms) = preSolution
		Debug|Any CPU = Debug|Any CPU
		Release|Any CPU = Release|Any CPU
	EndGlobalSection
	GlobalSection(ProjectConfigurationPlatforms) = postSolution
		{62282B0A-22BC-41D4-9B3C-E99CE2D99CF0}.Debug|Any CPU.ActiveCfg = Debug|Any CPU
		{62282B0A-22BC-41D4-9B3C-E99CE2D99CF0}.Debug|Any CPU.Build.0 = Debug|Any CPU
		{62282B0A-22BC-41D4-9B3C-E99CE2D99CF0}.Release|Any CPU.ActiveCfg = Release|Any CPU
		{62282B0A-22BC-41D4-9B3C-E99CE2D99CF0}.Release|Any CPU.Build.0 = Release|Any CPU
		{26663AA0-2CDC-481A-B457-D79B6651EE0C}.Debug|Any CPU.ActiveCfg = Debug|Any CPU
		{26663AA0-2CDC-481A-B457-D79B6651EE0C}.Debug|Any CPU.Build.0 = Debug|Any CPU
		{26663AA0-2CDC-481A-B457-D79B6651EE0C}.Release|Any CPU.ActiveCfg = Release|Any CPU
		{26663AA0-2CDC-481A-B457-D79B6651EE0C}.Release|Any CPU.Build.0 = Release|Any CPU
	EndGlobalSection
	GlobalSection(SolutionProperties) = preSolution
		HideSolutionNode = FALSE
	EndGlobalSection
	GlobalSection(ExtensibilityGlobals) = postSolution
		SolutionGuid = {4264B526-D396-4EDB-996E-C60843C6355F}
	EndGlobalSection
EndGlobal
